
Microsoft Visual Studio Solution File, Format Version 12.00
# Visual Studio Express 2013 for Windows Desktop
VisualStudioVersion = 12.0.31101.0
MinimumVisualStudioVersion = 10.0.40219.1
Project("{2150E333-8FDC-42A3-9474-1A3956D46DE8}") = "Engine", "Engine", "{D1D5BCB2-EB1D-4433-BFC3-9FCCEB4AB2B2}"
EndProject
Project("{2150E333-8FDC-42A3-9474-1A3956D46DE8}") = "Games", "Games", "{E76F7248-F93F-4C82-9A8C-38FDCB8D0754}"
EndProject
Project("{8BC9CEB8-8B4A-11D0-8D11-00A0C91BC942}") = "AAPA2", "Intermediate\ProjectFiles\AAPA2.vcxproj", "{9E5878BF-5836-4942-97E4-FF4BF5B7AE46}"
EndProject
Project("{8BC9CEB8-8B4A-11D0-8D11-00A0C91BC942}") = "UE4", "Intermediate\ProjectFiles\UE4.vcxproj", "{FC02D8A5-E844-4B57-9A52-0BE632331133}"
EndProject
Global
	GlobalSection(SolutionConfigurationPlatforms) = preSolution
		DebugGame Editor|Windows = DebugGame Editor|Windows
		DebugGame|Windows = DebugGame|Windows
		Development Editor|Windows = Development Editor|Windows
		Development|Windows = Development|Windows
		Shipping|Windows = Shipping|Windows
	EndGlobalSection
	GlobalSection(ProjectConfigurationPlatforms) = postSolution
		{9E5878BF-5836-4942-97E4-FF4BF5B7AE46}.DebugGame Editor|Windows.ActiveCfg = DebugGame_Editor|x64
		{9E5878BF-5836-4942-97E4-FF4BF5B7AE46}.DebugGame Editor|Windows.Build.0 = DebugGame_Editor|x64
		{9E5878BF-5836-4942-97E4-FF4BF5B7AE46}.DebugGame|Windows.ActiveCfg = DebugGame_Game|x64
		{9E5878BF-5836-4942-97E4-FF4BF5B7AE46}.DebugGame|Windows.Build.0 = DebugGame_Game|x64
		{9E5878BF-5836-4942-97E4-FF4BF5B7AE46}.Development Editor|Windows.ActiveCfg = Development_Editor|x64
		{9E5878BF-5836-4942-97E4-FF4BF5B7AE46}.Development Editor|Windows.Build.0 = Development_Editor|x64
		{9E5878BF-5836-4942-97E4-FF4BF5B7AE46}.Development|Windows.ActiveCfg = Development_Game|x64
		{9E5878BF-5836-4942-97E4-FF4BF5B7AE46}.Development|Windows.Build.0 = Development_Game|x64
		{9E5878BF-5836-4942-97E4-FF4BF5B7AE46}.Shipping|Windows.ActiveCfg = Shipping_Game|Win32
		{9E5878BF-5836-4942-97E4-FF4BF5B7AE46}.Shipping|Windows.Build.0 = Shipping_Game|Win32
		{FC02D8A5-E844-4B57-9A52-0BE632331133}.DebugGame Editor|Windows.ActiveCfg = BuiltWithUnrealBuildTool|Win32
		{FC02D8A5-E844-4B57-9A52-0BE632331133}.DebugGame|Windows.ActiveCfg = BuiltWithUnrealBuildTool|Win32
		{FC02D8A5-E844-4B57-9A52-0BE632331133}.Development Editor|Windows.ActiveCfg = BuiltWithUnrealBuildTool|Win32
		{FC02D8A5-E844-4B57-9A52-0BE632331133}.Development|Windows.ActiveCfg = BuiltWithUnrealBuildTool|Win32
		{FC02D8A5-E844-4B57-9A52-0BE632331133}.Shipping|Windows.ActiveCfg = BuiltWithUnrealBuildTool|Win32
	EndGlobalSection
	GlobalSection(SolutionProperties) = preSolution
		HideSolutionNode = FALSE
	EndGlobalSection
	GlobalSection(NestedProjects) = preSolution
		{9E5878BF-5836-4942-97E4-FF4BF5B7AE46} = {E76F7248-F93F-4C82-9A8C-38FDCB8D0754}
		{FC02D8A5-E844-4B57-9A52-0BE632331133} = {D1D5BCB2-EB1D-4433-BFC3-9FCCEB4AB2B2}
	EndGlobalSection
EndGlobal
